
Microsoft Visual Studio Solution File, Format Version 12.00
# Visual Studio Version 16
VisualStudioVersion = 16.0.31613.86
MinimumVisualStudioVersion = 10.0.40219.1
Project("{FAE04EC0-301F-11D3-BF4B-00C04F79EFBC}") = "sp_Medical_group.Web.Api", "sp_Medical_group.Web.Api\sp_Medical_group.Web.Api.csproj", "{1216B6FE-81E5-4DA2-B166-17041EAC66AB}"
EndProject
Global
	GlobalSection(SolutionConfigurationPlatforms) = preSolution
		Debug|Any CPU = Debug|Any CPU
		Release|Any CPU = Release|Any CPU
	EndGlobalSection
	GlobalSection(ProjectConfigurationPlatforms) = postSolution
		{1216B6FE-81E5-4DA2-B166-17041EAC66AB}.Debug|Any CPU.ActiveCfg = Debug|Any CPU
		{1216B6FE-81E5-4DA2-B166-17041EAC66AB}.Debug|Any CPU.Build.0 = Debug|Any CPU
		{1216B6FE-81E5-4DA2-B166-17041EAC66AB}.Release|Any CPU.ActiveCfg = Release|Any CPU
		{1216B6FE-81E5-4DA2-B166-17041EAC66AB}.Release|Any CPU.Build.0 = Release|Any CPU
	EndGlobalSection
	GlobalSection(SolutionProperties) = preSolution
		HideSolutionNode = FALSE
	EndGlobalSection
	GlobalSection(ExtensibilityGlobals) = postSolution
		SolutionGuid = {2AD11569-17DB-4316-810E-C405F8EE5143}
	EndGlobalSection
EndGlobal
